Microsoft Visual Studio Solution File, Format Version 12.00
# Visual Studio Version 17
VisualStudioVersion = 17.2.32526.322
MinimumVisualStudioVersion = 10.0.40219.1
Project("{FAE04EC0-301F-11D3-BF4B-00C04F79EFBC}") = "PVEntityGenerator", "PVEntityGenerator.csproj", "{19823E26-97B6-46F8-8B37-A4AF74F3B261}"
EndProject
Project("{54435603-DBB4-11D2-8724-00A0C9A8B90C}") = "PVEntityGenerator.Installer", "..\PVEntityGenerator.Installer\PVEntityGenerator.Installer.vdproj", "{0F94D1DC-A194-425F-9C6A-3E6611C64107}"
EndProject
Global
	GlobalSection(SolutionConfigurationPlatforms) = preSolution
		Debug|Any CPU = Debug|Any CPU
		Release|Any CPU = Release|Any CPU
	EndGlobalSection
	GlobalSection(ProjectConfigurationPlatforms) = postSolution
		{19823E26-97B6-46F8-8B37-A4AF74F3B261}.Debug|Any CPU.ActiveCfg = Debug|Any CPU
		{19823E26-97B6-46F8-8B37-A4AF74F3B261}.Debug|Any CPU.Build.0 = Debug|Any CPU
		{19823E26-97B6-46F8-8B37-A4AF74F3B261}.Release|Any CPU.ActiveCfg = Release|Any CPU
		{19823E26-97B6-46F8-8B37-A4AF74F3B261}.Release|Any CPU.Build.0 = Release|Any CPU
		{0F94D1DC-A194-425F-9C6A-3E6611C64107}.Debug|Any CPU.ActiveCfg = Debug
		{0F94D1DC-A194-425F-9C6A-3E6611C64107}.Release|Any CPU.ActiveCfg = Release
	EndGlobalSection
	GlobalSection(SolutionProperties) = preSolution
		HideSolutionNode = FALSE
	EndGlobalSection
EndGlobal
